<?xml version="1.0" encoding="utf-8"?>
<Project ToolsVersion="4.0" xmlns="http://schemas.microsoft.com/developer/msbuild/2003">
  <ItemGroup>
    <Filter Include="Engine">
      <UniqueIdentifier>{0d5ad3e0-e80b-40bd-bd92-2c925fa7c1ac}</UniqueIdentifier>
    </Filter>
    <Filter Include="Utils">
      <UniqueIdentifier>{9bb31ba1-1294-41a6-89e1-2709670d00df}</UniqueIdentifier>
    </Filter>
    <Filter Include="Engine\DirectX">
      <UniqueIdentifier>{7d3501dc-6631-40d9-b78e-da3d206e4665}</UniqueIdentifier>
    </Filter>
    <Filter Include="Engine\Manager">
      <UniqueIdentifier>{e25be560-227f-4c1a-8f97-0c430f065a4b}</UniqueIdentifier>
    </Filter>
    <Filter Include="Engine\Manager\Iinput">
      <UniqueIdentifier>{bc1eefe5-0ee2-4cf9-b26a-fbc8ace41920}</UniqueIdentifier>
    </Filter>
    <Filter Include="World">
      <UniqueIdentifier>{5f424f74-620e-485f-a6d1-91c4def384a4}</UniqueIdentifier>
    </Filter>
    <Filter Include="World\Component">
      <UniqueIdentifier>{daa85ef4-ecaa-4e67-992c-5da448148f64}</UniqueIdentifier>
    </Filter>
    <Filter Include="World\Resource">
      <UniqueIdentifier>{5d37619e-7af7-4b04-b518-ecab98bd7447}</UniqueIdentifier>
    </Filter>
    <Filter Include="World\Resource\Graphics">
      <UniqueIdentifier>{5b5686a6-c2b7-42e4-a687-849a9730b40b}</UniqueIdentifier>
    </Filter>
    <Filter Include="World\System">
      <UniqueIdentifier>{c2a51ae1-8858-420d-b3a2-ac8b9c3a5ad0}</UniqueIdentifier>
    </Filter>
    <Filter Include="World\Resource\Shader">
      <UniqueIdentifier>{a87ffd82-97ab-44cf-a036-614ab1754d04}</UniqueIdentifier>
    </Filter>
    <Filter Include="World\Component\UI">
      <UniqueIdentifier>{1fa1ef34-c658-498c-8e55-651acb2a8764}</UniqueIdentifier>
    </Filter>
    <Filter Include="Utils\ImGUI">
      <UniqueIdentifier>{1eabffd8-9ecb-476b-97df-1f2f68729020}</UniqueIdentifier>
    </Filter>
    <Filter Include="World\System\IMGUI">
      <UniqueIdentifier>{88e35f1c-78bf-4dfe-b50e-1e4ac6da1b50}</UniqueIdentifier>
    </Filter>
    <Filter Include="World\Component\IMGUI">
      <UniqueIdentifier>{f3b43cef-1202-4e65-b9db-d67496978c23}</UniqueIdentifier>
    </Filter>
    <Filter Include="World\Component\Effect">
      <UniqueIdentifier>{5aee3f13-e97c-4a03-a84d-eca79442a635}</UniqueIdentifier>
    </Filter>
    <Filter Include="World\Component\Server">
      <UniqueIdentifier>{70399b08-2e12-41c1-9269-e9053c6e3642}</UniqueIdentifier>
    </Filter>
    <Filter Include="World\System\Network">
      <UniqueIdentifier>{95dc7531-d7fa-4b28-a68a-80c62c6387c7}</UniqueIdentifier>
    </Filter>
    <Filter Include="Utils\Network">
      <UniqueIdentifier>{49c6bfae-9fac-42d7-b4cf-bb0ae9da8c8a}</UniqueIdentifier>
    </Filter>
    <Filter Include="Network">
      <UniqueIdentifier>{48d0e12c-073e-4a25-befe-8975c5546535}</UniqueIdentifier>
    </Filter>
    <Filter Include="World\System\Client">
      <UniqueIdentifier>{8e2a4bcd-147c-4e76-88cc-0ad200931b8c}</UniqueIdentifier>
    </Filter>
    <Filter Include="World\System\Logic">
      <UniqueIdentifier>{0dc690ba-ae13-4b4e-b717-5c86ab60e6f0}</UniqueIdentifier>
    </Filter>
    <Filter Include="World\Component\Client">
      <UniqueIdentifier>{fdbcb73d-ddc1-4937-84ca-e09f2d1ccffd}</UniqueIdentifier>
    </Filter>
    <Filter Include="World\Component\Logic">
      <UniqueIdentifier>{138d84d6-6d11-4508-99a8-4ebbdb49ee81}</UniqueIdentifier>
    </Filter>
    <Filter Include="World\Script">
      <UniqueIdentifier>{2a498703-bb7a-4868-90b1-79eb7152f936}</UniqueIdentifier>
    </Filter>
    <Filter Include="Utils\Math">
      <UniqueIdentifier>{ffad11d8-31ac-4a24-b3c0-365bc9e152e8}</UniqueIdentifier>
    </Filter>
    <Filter Include="Utils\Pch">
      <UniqueIdentifier>{b28412a9-d981-4b9d-8508-31d302ff01c6}</UniqueIdentifier>
    </Filter>
    <Filter Include="Network\Buffer">
      <UniqueIdentifier>{c2601b59-e976-4530-8100-511ef2d03ed7}</UniqueIdentifier>
    </Filter>
    <Filter Include="World\Script\Prefab">
      <UniqueIdentifier>{a227d864-22c6-412b-8635-e06cbb6c8ea0}</UniqueIdentifier>
    </Filter>
    <Filter Include="Network\Packet">
      <UniqueIdentifier>{b512c8ae-e411-4f2e-a7e4-90863e83e104}</UniqueIdentifier>
    </Filter>
    <Filter Include="World\Base">
      <UniqueIdentifier>{7a26fd7e-1d4d-4581-9522-661a5667997f}</UniqueIdentifier>
    </Filter>
    <Filter Include="World\Base\Component">
      <UniqueIdentifier>{318124cf-1754-423d-af0c-9b7ee97f58be}</UniqueIdentifier>
    </Filter>
    <Filter Include="World\Base\System">
      <UniqueIdentifier>{ea0756ef-ba98-49eb-9303-56b9f872c1a8}</UniqueIdentifier>
    </Filter>
    <Filter Include="World\Base\World">
      <UniqueIdentifier>{a671bb16-75d8-4df4-92f7-09403523448c}</UniqueIdentifier>
    </Filter>
    <Filter Include="World\Base\Entity">
      <UniqueIdentifier>{9ed7b76a-a24c-4b47-9856-c3bea6ef160f}</UniqueIdentifier>
    </Filter>
    <Filter Include="World\Component\Utils">
      <UniqueIdentifier>{b287906e-89e5-450f-bf36-b048bd0b75a5}</UniqueIdentifier>
    </Filter>
    <Filter Include="World\System\UI">
      <UniqueIdentifier>{0c6b4f72-e8cd-463c-8928-5ee2d19bad7d}</UniqueIdentifier>
    </Filter>
    <Filter Include="World\Resource\Shader\Debug">
      <UniqueIdentifier>{6f895306-537a-47c4-b743-d6ec121572a8}</UniqueIdentifier>
    </Filter>
    <Filter Include="World\Event">
      <UniqueIdentifier>{470ed48e-45b5-4435-9d62-8ac4ed014633}</UniqueIdentifier>
    </Filter>
    <Filter Include="World\System\Logic\Move">
      <UniqueIdentifier>{738b7ce8-1ffc-4712-b713-1f0fdfec12e3}</UniqueIdentifier>
    </Filter>
    <Filter Include="World\Resource\Shader\Cartoon">
      <UniqueIdentifier>{8e4100cc-b05d-40de-aa01-bac40fd182ac}</UniqueIdentifier>
    </Filter>
    <Filter Include="World\System\Render">
      <UniqueIdentifier>{5d8e6ec9-df86-4883-8999-f361e7f21cd8}</UniqueIdentifier>
    </Filter>
    <Filter Include="World\Resource\Map">
      <UniqueIdentifier>{3f67fd53-45a5-4c97-a329-702e7cf40ae9}</UniqueIdentifier>
    </Filter>
    <Filter Include="World\Resource\Map\NavMesh">
      <UniqueIdentifier>{04761dc3-7576-4a02-ab8e-57be60a83cd2}</UniqueIdentifier>
    </Filter>
    <Filter Include="World\System\Render\06.Deferred">
      <UniqueIdentifier>{fa68a731-1a47-472f-b259-63f64e3d4ac5}</UniqueIdentifier>
    </Filter>
    <Filter Include="World\System\Render\07.Effect">
      <UniqueIdentifier>{13fbfe9a-7fb2-469f-8773-dbb82d5249c5}</UniqueIdentifier>
    </Filter>
    <Filter Include="World\System\Render\05.Forward">
      <UniqueIdentifier>{91254c3f-3ca2-469b-a1b2-79d7d7c73e90}</UniqueIdentifier>
    </Filter>
    <Filter Include="World\System\Render\08.Post">
      <UniqueIdentifier>{69b154bd-6480-4136-9165-883f6ab612de}</UniqueIdentifier>
    </Filter>
    <Filter Include="World\System\Render\04.Shadow">
      <UniqueIdentifier>{a88b9c28-584b-4fa4-acb5-08a2f169c7a1}</UniqueIdentifier>
    </Filter>
    <Filter Include="World\System\Render\03.Pre-pass">
      <UniqueIdentifier>{0298a83f-589a-4841-a414-bfb0e36dc61b}</UniqueIdentifier>
    </Filter>
    <Filter Include="World\Resource\Shader\98.Terrain">
      <UniqueIdentifier>{3d125a3a-65f0-4fc2-880e-902c962f85b0}</UniqueIdentifier>
    </Filter>
    <Filter Include="World\Resource\Shader\00.Utils">
      <UniqueIdentifier>{06defce9-15b0-49a7-8794-682af45355e5}</UniqueIdentifier>
    </Filter>
    <Filter Include="World\Resource\Shader\01.Shadow">
      <UniqueIdentifier>{0edf9506-908b-4443-a394-a320e664f31b}</UniqueIdentifier>
    </Filter>
    <Filter Include="World\Resource\Shader\80.Post">
      <UniqueIdentifier>{041f38b3-62c6-49d0-bcc3-60abc1d8a57b}</UniqueIdentifier>
    </Filter>
    <Filter Include="World\Resource\Shader\80.Post\particle">
      <UniqueIdentifier>{902396bf-bfe0-497f-b466-8d4c6bfdcdf0}</UniqueIdentifier>
    </Filter>
    <Filter Include="World\Resource\Shader\80.Post\Style">
      <UniqueIdentifier>{2479dc8e-8b80-4959-9582-5b1b0bb176ef}</UniqueIdentifier>
    </Filter>
    <Filter Include="World\Resource\Shader\50.Forward">
      <UniqueIdentifier>{3b49f856-69bf-46ec-ad1b-9d94e8c31bb2}</UniqueIdentifier>
    </Filter>
    <Filter Include="World\Resource\Shader\40.Deferred">
      <UniqueIdentifier>{9ff8d14e-9792-4fb6-a3c3-3635c6b5f956}</UniqueIdentifier>
    </Filter>
    <Filter Include="World\Resource\Shader\99.animation">
      <UniqueIdentifier>{38130558-6394-44be-a0f6-beb19ba95322}</UniqueIdentifier>
    </Filter>
    <Filter Include="World\Resource\Shader\60.ETC">
      <UniqueIdentifier>{7db13a96-b1ba-4100-8369-d528be1fe851}</UniqueIdentifier>
    </Filter>
    <Filter Include="World\System\Render\00.Pipeline">
      <UniqueIdentifier>{a9b288e8-a61f-400b-8cac-2c07a2211362}</UniqueIdentifier>
    </Filter>
    <Filter Include="World\System\Render\08.Post\HDR">
      <UniqueIdentifier>{b4f8f728-ab2e-4742-8412-903ddf55e60f}</UniqueIdentifier>
    </Filter>
    <Filter Include="World\System\Render\08.Post\LDR">
      <UniqueIdentifier>{66d96ce9-e9ff-4971-81ff-e0abd2cbf329}</UniqueIdentifier>
    </Filter>
    <Filter Include="World\System\Render\08.Post\ETC">
      <UniqueIdentifier>{9a36c340-8aed-44fb-af15-ee033162ffd0}</UniqueIdentifier>
    </Filter>
    <Filter Include="World\Resource\Shader\80.Post\bloom">
      <UniqueIdentifier>{9ac568dc-5abb-48bd-a667-bb49df0a764f}</UniqueIdentifier>
    </Filter>
  </ItemGroup>
  <ItemGroup>
    <ClInclude Include="Device.h">
      <Filter>Engine\DirectX</Filter>
    </ClInclude>
    <ClInclude Include="DescriptorHeap.h">
      <Filter>Engine\DirectX</Filter>
    </ClInclude>
    <ClInclude Include="Engine.h">
      <Filter>Engine</Filter>
    </ClInclude>
    <ClInclude Include="CommandQueue.h">
      <Filter>Engine\DirectX</Filter>
    </ClInclude>
    <ClInclude Include="SwapChain.h">
      <Filter>Engine\DirectX</Filter>
    </ClInclude>
    <ClInclude Include="SceneManager.h">
      <Filter>Engine\Manager</Filter>
    </ClInclude>
    <ClInclude Include="RenderManager.h">
      <Filter>Engine\Manager</Filter>
    </ClInclude>
    <ClInclude Include="AudioManager.h">
      <Filter>Engine\Manager</Filter>
    </ClInclude>
    <ClInclude Include="ResourceManager.h">
      <Filter>Engine\Manager</Filter>
    </ClInclude>
    <ClInclude Include="Timer.h">
      <Filter>Engine\Manager</Filter>
    </ClInclude>
    <ClInclude Include="Buffer.h">
      <Filter>Engine\DirectX</Filter>
    </ClInclude>
    <ClInclude Include="RenderTarget.h">
      <Filter>Engine\DirectX</Filter>
    </ClInclude>
    <ClInclude Include="Material.h">
      <Filter>World\Resource\Graphics</Filter>
    </ClInclude>
    <ClInclude Include="Mesh.h">
      <Filter>World\Resource\Graphics</Filter>
    </ClInclude>
    <ClInclude Include="Shader.h">
      <Filter>World\Resource\Graphics</Filter>
    </ClInclude>
    <ClInclude Include="Texture.h">
      <Filter>World\Resource\Graphics</Filter>
    </ClInclude>
    <ClInclude Include="InputManager.h">
      <Filter>Engine\Manager\Iinput</Filter>
    </ClInclude>
    <ClInclude Include="RootSignature.h">
      <Filter>Engine\DirectX</Filter>
    </ClInclude>
    <ClInclude Include="Entity.h">
      <Filter>World\Base\Entity</Filter>
    </ClInclude>
    <ClInclude Include="Object.h">
      <Filter>World\Resource</Filter>
    </ClInclude>
    <ClInclude Include="resource.h" />
    <ClInclude Include="Skeleton.h">
      <Filter>World\Resource\Graphics</Filter>
    </ClInclude>
    <ClInclude Include="Animator.h">
      <Filter>World\Resource\Graphics</Filter>
    </ClInclude>
    <ClInclude Include="FBXData.h">
      <Filter>World\Resource\Graphics</Filter>
    </ClInclude>
    <ClInclude Include="UIComponent.h">
      <Filter>World\Component\UI</Filter>
    </ClInclude>
    <ClInclude Include="UIButtonComponent.h">
      <Filter>World\Component\UI</Filter>
    </ClInclude>
    <ClInclude Include="UIButtonSystem.h">
      <Filter>World\System\UI</Filter>
    </ClInclude>
    <ClInclude Include="UIUpdateSystem.h">
      <Filter>World\System\UI</Filter>
    </ClInclude>
    <ClInclude Include="UISpriteComponent.h">
      <Filter>World\Component\UI</Filter>
    </ClInclude>
    <ClInclude Include="UITransformComponent.h">
      <Filter>World\Component\UI</Filter>
    </ClInclude>
    <ClInclude Include="SystemManager.h">
      <Filter>World\Base\System</Filter>
    </ClInclude>
    <ClInclude Include="System.h">
      <Filter>World\Base\System</Filter>
    </ClInclude>
    <ClInclude Include="Imgui.h">
      <Filter>Utils\ImGUI</Filter>
    </ClInclude>
    <ClInclude Include="IMGUISystem.h">
      <Filter>World\System\IMGUI</Filter>
    </ClInclude>
    <ClInclude Include="Vfx.h">
      <Filter>World\Resource\Graphics</Filter>
    </ClInclude>
    <ClInclude Include="VfxComponent.h">
      <Filter>World\Component\Effect</Filter>
    </ClInclude>
    <ClInclude Include="NetEntityComponent.h">
      <Filter>World\Component\Server</Filter>
    </ClInclude>
    <ClInclude Include="IMGUIComponent.h">
      <Filter>World\Component\IMGUI</Filter>
    </ClInclude>
    <ClInclude Include="Prefab.h">
      <Filter>World\Script\Prefab</Filter>
    </ClInclude>
    <ClInclude Include="NetRecvSystem.h">
      <Filter>World\System\Network</Filter>
    </ClInclude>
    <ClInclude Include="NetSendSystem.h">
      <Filter>World\System\Network</Filter>
    </ClInclude>
    <ClInclude Include="Network.h">
      <Filter>Network</Filter>
    </ClInclude>
    <ClInclude Include="ParticleSystem.h">
      <Filter>World\System\Client</Filter>
    </ClInclude>
    <ClInclude Include="AudioSystem.h">
      <Filter>World\System\Client</Filter>
    </ClInclude>
    <ClInclude Include="AnimationSystem.h">
      <Filter>World\System\Client</Filter>
    </ClInclude>
    <ClInclude Include="BeatSystem.h">
      <Filter>World\System\Logic</Filter>
    </ClInclude>
    <ClInclude Include="CameraSystem.h">
      <Filter>World\System\Logic</Filter>
    </ClInclude>
    <ClInclude Include="TransformSystem.h">
      <Filter>World\System\Logic</Filter>
    </ClInclude>
    <ClInclude Include="AnimationComponent.h">
      <Filter>World\Component\Client</Filter>
    </ClInclude>
    <ClInclude Include="AudioComponent.h">
      <Filter>World\Component\Client</Filter>
    </ClInclude>
    <ClInclude Include="RenderComponent.h">
      <Filter>World\Component\Client</Filter>
    </ClInclude>
    <ClInclude Include="ParticleComponent.h">
      <Filter>World\Component\Client</Filter>
    </ClInclude>
    <ClInclude Include="CameraComponent.h">
      <Filter>World\Component\Logic</Filter>
    </ClInclude>
    <ClInclude Include="BeatComponent.h">
      <Filter>World\Component\Logic</Filter>
    </ClInclude>
    <ClInclude Include="EnemyComponent.h">
      <Filter>World\Component\Logic</Filter>
    </ClInclude>
    <ClInclude Include="GravityComponent.h">
      <Filter>World\Component\Logic</Filter>
    </ClInclude>
    <ClInclude Include="LightComponent.h">
      <Filter>World\Component\Logic</Filter>
    </ClInclude>
    <ClInclude Include="MovementComponent.h">
      <Filter>World\Component\Logic</Filter>
    </ClInclude>
    <ClInclude Include="PlayerComponent.h">
      <Filter>World\Component\Logic</Filter>
    </ClInclude>
    <ClInclude Include="StateMachine.h">
      <Filter>World\Component\Logic</Filter>
    </ClInclude>
    <ClInclude Include="TerrainComponent.h">
      <Filter>World\Component\Logic</Filter>
    </ClInclude>
    <ClInclude Include="TransformComponent.h">
      <Filter>World\Component\Logic</Filter>
    </ClInclude>
    <ClInclude Include="Scene.h">
      <Filter>World\Script</Filter>
    </ClInclude>
    <ClInclude Include="SimpleMath.h">
      <Filter>Utils\Math</Filter>
    </ClInclude>
    <ClInclude Include="EnginePch.h">
      <Filter>Utils\Pch</Filter>
    </ClInclude>
    <ClInclude Include="pch.h">
      <Filter>Utils\Pch</Filter>
    </ClInclude>
    <ClInclude Include="d3dx12.h">
      <Filter>Utils\Pch</Filter>
    </ClInclude>
    <ClInclude Include="RecvBuffer.h">
      <Filter>Network\Buffer</Filter>
    </ClInclude>
    <ClInclude Include="RingBuffer.h">
      <Filter>Network\Buffer</Filter>
    </ClInclude>
    <ClInclude Include="SendBuffer.h">
      <Filter>Network\Buffer</Filter>
    </ClInclude>
    <ClInclude Include="SpscRingQueue.h">
      <Filter>Network\Buffer</Filter>
    </ClInclude>
    <ClInclude Include="NetIdMap.h">
      <Filter>World\Base\Entity</Filter>
    </ClInclude>
    <ClInclude Include="PacketHelper.h">
      <Filter>Network\Packet</Filter>
    </ClInclude>
    <ClInclude Include="..\..\Protocol\Packet.h">
      <Filter>Network\Packet</Filter>
    </ClInclude>
    <ClInclude Include="PlayerInputSystem.h">
      <Filter>World\System\Client</Filter>
    </ClInclude>
    <ClInclude Include="Component.h">
      <Filter>World\Base\Component</Filter>
    </ClInclude>
    <ClInclude Include="ComponentPool.h">
      <Filter>World\Base\Component</Filter>
    </ClInclude>
    <ClInclude Include="World.h">
      <Filter>World\Base\World</Filter>
    </ClInclude>
    <ClInclude Include="TagComponent.h">
      <Filter>World\Component\Utils</Filter>
    </ClInclude>
    <ClInclude Include="EnemySystem.h">
      <Filter>World\System\Logic</Filter>
    </ClInclude>
    <ClInclude Include="BoxColliderComponent.h">
      <Filter>World\Component\Logic</Filter>
    </ClInclude>
    <ClInclude Include="EventManager.h">
      <Filter>World\Event</Filter>
    </ClInclude>
    <ClInclude Include="GameEvents.h">
      <Filter>World\Event</Filter>
    </ClInclude>
    <ClInclude Include="CollisionSystem.h">
      <Filter>World\System\Logic</Filter>
    </ClInclude>
    <ClInclude Include="NetInterpolationSystem.h">
      <Filter>World\System\Logic\Move</Filter>
    </ClInclude>
    <ClInclude Include="MovementSystem.h">
      <Filter>World\System\Logic\Move</Filter>
    </ClInclude>
    <ClInclude Include="NetTransformComponent.h">
      <Filter>World\Component\Server</Filter>
    </ClInclude>
    <ClInclude Include="UITextComponent.h">
      <Filter>World\Component\UI</Filter>
    </ClInclude>
    <ClInclude Include="PhysicsWorld.h">
      <Filter>World\Base\World</Filter>
    </ClInclude>
    <ClInclude Include="BulletComponent.h">
      <Filter>World\Component\Logic</Filter>
    </ClInclude>
    <ClInclude Include="RenderSystem.h">
      <Filter>World\System\Render</Filter>
    </ClInclude>
    <ClInclude Include="HealthComponent.h">
      <Filter>World\Component\Logic</Filter>
    </ClInclude>
    <ClInclude Include="LevelImport.h">
      <Filter>World\Resource\Map</Filter>
    </ClInclude>
    <ClInclude Include="NavMeshLoader.h">
      <Filter>World\Resource\Map\NavMesh</Filter>
    </ClInclude>
    <ClInclude Include="UIEffectPass.h">
      <Filter>World\System\UI</Filter>
    </ClInclude>
    <ClInclude Include="UIVfxComponent.h">
      <Filter>World\Component\UI</Filter>
    </ClInclude>
    <ClInclude Include="EffectPass.h">
      <Filter>World\System\Render\07.Effect</Filter>
    </ClInclude>
    <ClInclude Include="GBufferPass.h">
      <Filter>World\System\Render\06.Deferred</Filter>
    </ClInclude>
    <ClInclude Include="LightsPass.h">
      <Filter>World\System\Render\06.Deferred</Filter>
    </ClInclude>
    <ClInclude Include="ForwardPass.h">
      <Filter>World\System\Render\05.Forward</Filter>
    </ClInclude>
    <ClInclude Include="FinalPass.h">
      <Filter>World\System\Render\06.Deferred</Filter>
    </ClInclude>
    <ClInclude Include="ShadowPass.h">
      <Filter>World\System\Render\04.Shadow</Filter>
    </ClInclude>
    <ClInclude Include="DepthPrePass.h">
      <Filter>World\System\Render\03.Pre-pass</Filter>
    </ClInclude>
    <ClInclude Include="UIRenderSystem.h">
      <Filter>World\System\UI</Filter>
    </ClInclude>
    <ClInclude Include="ArmorComponent.h">
      <Filter>World\Component\Logic</Filter>
    </ClInclude>
    <ClInclude Include="RenderPass.h">
      <Filter>World\System\Render</Filter>
    </ClInclude>
    <ClInclude Include="OutlinePass.h">
      <Filter>World\System\Render\05.Forward</Filter>
    </ClInclude>
    <ClInclude Include="CircularVisualizerComponent.h" />
    <ClInclude Include="GameMode.h">
      <Filter>World\Script</Filter>
    </ClInclude>
    <ClInclude Include="PlayerSystem.h">
      <Filter>World\System\Logic</Filter>
    </ClInclude>
    <ClInclude Include="GameRenderPipeline.h">
      <Filter>World\System\Render\00.Pipeline</Filter>
    </ClInclude>
    <ClInclude Include="LobbyRenderPipeline.h">
      <Filter>World\System\Render\00.Pipeline</Filter>
    </ClInclude>
    <ClInclude Include="EffectFlagComponent.h">
      <Filter>World\System\Render\00.Pipeline</Filter>
    </ClInclude>
    <ClInclude Include="EffectFlagSystem.h">
      <Filter>World\System\Render\00.Pipeline</Filter>
    </ClInclude>
    <ClInclude Include="GodRayPass.h">
      <Filter>World\System\Render\08.Post\HDR</Filter>
    </ClInclude>
    <ClInclude Include="FogPass.h">
      <Filter>World\System\Render\08.Post\HDR</Filter>
    </ClInclude>
    <ClInclude Include="LuminancePass.h">
      <Filter>World\System\Render\08.Post\HDR</Filter>
    </ClInclude>
    <ClInclude Include="MotionBlurPass.h">
      <Filter>World\System\Render\08.Post\HDR</Filter>
    </ClInclude>
    <ClInclude Include="ChromaticAberrationPass.h">
      <Filter>World\System\Render\08.Post\ETC</Filter>
    </ClInclude>
    <ClInclude Include="AudioVisualizerSystem.h">
      <Filter>World\System\Render\08.Post\ETC</Filter>
    </ClInclude>
    <ClInclude Include="AudioVisualizerPass.h">
      <Filter>World\System\Render\08.Post\ETC</Filter>
    </ClInclude>
    <ClInclude Include="AudioVisualizerComponent.h">
      <Filter>World\System\Render\08.Post\ETC</Filter>
    </ClInclude>
    <ClInclude Include="CircularVisualizerPass.h">
      <Filter>World\System\Render\08.Post\ETC</Filter>
    </ClInclude>
    <ClInclude Include="FinalCompositePass.h">
      <Filter>World\System\Render\08.Post\LDR</Filter>
    </ClInclude>
    <ClInclude Include="ToneMapPass.h">
      <Filter>World\System\Render\08.Post\LDR</Filter>
    </ClInclude>
    <ClInclude Include="MotionVectorPass.h">
      <Filter>World\System\Render\08.Post\ETC</Filter>
    </ClInclude>
    <ClInclude Include="DualKawaseBlurPass.h">
      <Filter>World\System\Render\08.Post</Filter>
    </ClInclude>
  </ItemGroup>
  <ItemGroup>
    <ClCompile Include="Device.cpp">
      <Filter>Engine\DirectX</Filter>
    </ClCompile>
    <ClCompile Include="DescriptorHeap.cpp">
      <Filter>Engine\DirectX</Filter>
    </ClCompile>
    <ClCompile Include="Engine.cpp">
      <Filter>Engine</Filter>
    </ClCompile>
    <ClCompile Include="CommandQueue.cpp">
      <Filter>Engine\DirectX</Filter>
    </ClCompile>
    <ClCompile Include="SwapChain.cpp">
      <Filter>Engine\DirectX</Filter>
    </ClCompile>
    <ClCompile Include="SceneManager.cpp">
      <Filter>Engine\Manager</Filter>
    </ClCompile>
    <ClCompile Include="RenderManager.cpp">
      <Filter>Engine\Manager</Filter>
    </ClCompile>
    <ClCompile Include="AudioManager.cpp">
      <Filter>Engine\Manager</Filter>
    </ClCompile>
    <ClCompile Include="ResourceManager.cpp">
      <Filter>Engine\Manager</Filter>
    </ClCompile>
    <ClCompile Include="Timer.cpp">
      <Filter>Engine\Manager</Filter>
    </ClCompile>
    <ClCompile Include="Buffer.cpp">
      <Filter>Engine\DirectX</Filter>
    </ClCompile>
    <ClCompile Include="RenderTarget.cpp">
      <Filter>Engine\DirectX</Filter>
    </ClCompile>
    <ClCompile Include="Material.cpp">
      <Filter>World\Resource\Graphics</Filter>
    </ClCompile>
    <ClCompile Include="Mesh.cpp">
      <Filter>World\Resource\Graphics</Filter>
    </ClCompile>
    <ClCompile Include="Shader.cpp">
      <Filter>World\Resource\Graphics</Filter>
    </ClCompile>
    <ClCompile Include="Texture.cpp">
      <Filter>World\Resource\Graphics</Filter>
    </ClCompile>
    <ClCompile Include="InputManager.cpp">
      <Filter>Engine\Manager\Iinput</Filter>
    </ClCompile>
    <ClCompile Include="RootSignature.cpp">
      <Filter>Engine\DirectX</Filter>
    </ClCompile>
    <ClCompile Include="Entity.cpp">
      <Filter>World\Base\Entity</Filter>
    </ClCompile>
    <ClCompile Include="Object.cpp">
      <Filter>World\Resource</Filter>
    </ClCompile>
    <ClCompile Include="Skeleton.cpp">
      <Filter>World\Resource\Graphics</Filter>
    </ClCompile>
    <ClCompile Include="Animator.cpp">
      <Filter>World\Resource\Graphics</Filter>
    </ClCompile>
    <ClCompile Include="FBXData.cpp">
      <Filter>World\Resource\Graphics</Filter>
    </ClCompile>
    <ClCompile Include="UIComponent.cpp">
      <Filter>World\Component\UI</Filter>
    </ClCompile>
    <ClCompile Include="UIButtonSystem.cpp">
      <Filter>World\System\UI</Filter>
    </ClCompile>
    <ClCompile Include="UIUpdateSystem.cpp">
      <Filter>World\System\UI</Filter>
    </ClCompile>
    <ClCompile Include="UISpriteComponent.cpp">
      <Filter>World\Component\UI</Filter>
    </ClCompile>
    <ClCompile Include="SystemManager.cpp">
      <Filter>World\Base\System</Filter>
    </ClCompile>
    <ClCompile Include="System.cpp">
      <Filter>World\Base\System</Filter>
    </ClCompile>
    <ClCompile Include="Imgui.cpp">
      <Filter>Utils\ImGUI</Filter>
    </ClCompile>
    <ClCompile Include="IMGUISystem.cpp">
      <Filter>World\System\IMGUI</Filter>
    </ClCompile>
    <ClCompile Include="Vfx.cpp">
      <Filter>World\Resource\Graphics</Filter>
    </ClCompile>
    <ClCompile Include="VfxComponent.cpp">
      <Filter>World\Component\Effect</Filter>
    </ClCompile>
    <ClCompile Include="NetEntityComponent.cpp">
      <Filter>World\Component\Server</Filter>
    </ClCompile>
    <ClCompile Include="IMGUIComponent.cpp">
      <Filter>World\Component\IMGUI</Filter>
    </ClCompile>
    <ClCompile Include="Prefab.cpp">
      <Filter>World\Script\Prefab</Filter>
    </ClCompile>
    <ClCompile Include="NetRecvSystem.cpp">
      <Filter>World\System\Network</Filter>
    </ClCompile>
    <ClCompile Include="NetSendSystem.cpp">
      <Filter>World\System\Network</Filter>
    </ClCompile>
    <ClCompile Include="Network.cpp">
      <Filter>Network</Filter>
    </ClCompile>
    <ClCompile Include="ParticleSystem.cpp">
      <Filter>World\System\Client</Filter>
    </ClCompile>
    <ClCompile Include="AudioSystem.cpp">
      <Filter>World\System\Client</Filter>
    </ClCompile>
    <ClCompile Include="AnimationSystem.cpp">
      <Filter>World\System\Client</Filter>
    </ClCompile>
    <ClCompile Include="BeatSystem.cpp">
      <Filter>World\System\Logic</Filter>
    </ClCompile>
    <ClCompile Include="CameraSystem.cpp">
      <Filter>World\System\Logic</Filter>
    </ClCompile>
    <ClCompile Include="PlayerSystem.cpp">
      <Filter>World\System\Logic</Filter>
    </ClCompile>
    <ClCompile Include="TransformSystem.cpp">
      <Filter>World\System\Logic</Filter>
    </ClCompile>
    <ClCompile Include="AnimationComponent.cpp">
      <Filter>World\Component\Client</Filter>
    </ClCompile>
    <ClCompile Include="AudioComponent.cpp">
      <Filter>World\Component\Client</Filter>
    </ClCompile>
    <ClCompile Include="RenderComponent.cpp">
      <Filter>World\Component\Client</Filter>
    </ClCompile>
    <ClCompile Include="ParticleComponent.cpp">
      <Filter>World\Component\Client</Filter>
    </ClCompile>
    <ClCompile Include="CameraComponent.cpp">
      <Filter>World\Component\Logic</Filter>
    </ClCompile>
    <ClCompile Include="BeatComponent.cpp">
      <Filter>World\Component\Logic</Filter>
    </ClCompile>
    <ClCompile Include="EnemyComponent.cpp">
      <Filter>World\Component\Logic</Filter>
    </ClCompile>
    <ClCompile Include="GravityComponent.cpp">
      <Filter>World\Component\Logic</Filter>
    </ClCompile>
    <ClCompile Include="LightComponent.cpp">
      <Filter>World\Component\Logic</Filter>
    </ClCompile>
    <ClCompile Include="PlayerComponent.cpp">
      <Filter>World\Component\Logic</Filter>
    </ClCompile>
    <ClCompile Include="StateMachine.cpp">
      <Filter>World\Component\Logic</Filter>
    </ClCompile>
    <ClCompile Include="TerrainComponent.cpp">
      <Filter>World\Component\Logic</Filter>
    </ClCompile>
    <ClCompile Include="TransformComponent.cpp">
      <Filter>World\Component\Logic</Filter>
    </ClCompile>
    <ClCompile Include="Scene.cpp">
      <Filter>World\Script</Filter>
    </ClCompile>
    <ClCompile Include="SimpleMath.cpp">
      <Filter>Utils\Math</Filter>
    </ClCompile>
    <ClCompile Include="EnginePch.cpp">
      <Filter>Utils\Pch</Filter>
    </ClCompile>
    <ClCompile Include="pch.cpp">
      <Filter>Utils\Pch</Filter>
    </ClCompile>
    <ClCompile Include="RecvBuffer.cpp">
      <Filter>Network\Buffer</Filter>
    </ClCompile>
    <ClCompile Include="RingBuffer.cpp">
      <Filter>Network\Buffer</Filter>
    </ClCompile>
    <ClCompile Include="SendBuffer.cpp">
      <Filter>Network\Buffer</Filter>
    </ClCompile>
    <ClCompile Include="SpscRingQueue.cpp">
      <Filter>Network\Buffer</Filter>
    </ClCompile>
    <ClCompile Include="NetIdMap.cpp">
      <Filter>World\Base\Entity</Filter>
    </ClCompile>
    <ClCompile Include="PacketHelper.cpp">
      <Filter>Network\Packet</Filter>
    </ClCompile>
    <ClCompile Include="PlayerInputSystem.cpp">
      <Filter>World\System\Client</Filter>
    </ClCompile>
    <ClCompile Include="Component.cpp">
      <Filter>World\Base\Component</Filter>
    </ClCompile>
    <ClCompile Include="ComponentPool.cpp">
      <Filter>World\Base\Component</Filter>
    </ClCompile>
    <ClCompile Include="World.cpp">
      <Filter>World\Base\World</Filter>
    </ClCompile>
    <ClCompile Include="TagComponent.cpp">
      <Filter>World\Component\Utils</Filter>
    </ClCompile>
    <ClCompile Include="EnemySystem.cpp">
      <Filter>World\System\Logic</Filter>
    </ClCompile>
    <ClCompile Include="BoxColliderComponent.cpp">
      <Filter>World\Component\Logic</Filter>
    </ClCompile>
    <ClCompile Include="EventManager.cpp">
      <Filter>World\Event</Filter>
    </ClCompile>
    <ClCompile Include="GameEvents.cpp">
      <Filter>World\Event</Filter>
    </ClCompile>
    <ClCompile Include="CollisionSystem.cpp">
      <Filter>World\System\Logic</Filter>
    </ClCompile>
    <ClCompile Include="NetInterpolationSystem.cpp">
      <Filter>World\System\Logic\Move</Filter>
    </ClCompile>
    <ClCompile Include="MovementSystem.cpp">
      <Filter>World\System\Logic\Move</Filter>
    </ClCompile>
    <ClCompile Include="NetTransformComponent.cpp">
      <Filter>World\Component\Server</Filter>
    </ClCompile>
    <ClCompile Include="PhysicsWorld.cpp">
      <Filter>World\Base\World</Filter>
    </ClCompile>
    <ClCompile Include="BulletComponent.cpp">
      <Filter>World\Component\Logic</Filter>
    </ClCompile>
    <ClCompile Include="RenderSystem.cpp">
      <Filter>World\System\Render</Filter>
    </ClCompile>
    <ClCompile Include="LevelImport.cpp">
      <Filter>World\Resource\Map</Filter>
    </ClCompile>
    <ClCompile Include="NavMeshLoader.cpp">
      <Filter>World\Resource\Map\NavMesh</Filter>
    </ClCompile>
    <ClCompile Include="UIEffectPass.cpp">
      <Filter>World\System\UI</Filter>
    </ClCompile>
    <ClCompile Include="EffectPass.cpp">
      <Filter>World\System\Render\07.Effect</Filter>
    </ClCompile>
    <ClCompile Include="GBufferPass.cpp">
      <Filter>World\System\Render\06.Deferred</Filter>
    </ClCompile>
    <ClCompile Include="LightsPass.cpp">
      <Filter>World\System\Render\06.Deferred</Filter>
    </ClCompile>
    <ClCompile Include="ForwardPass.cpp">
      <Filter>World\System\Render\05.Forward</Filter>
    </ClCompile>
    <ClCompile Include="FinalPass.cpp">
      <Filter>World\System\Render\06.Deferred</Filter>
    </ClCompile>
    <ClCompile Include="ShadowPass.cpp">
      <Filter>World\System\Render\04.Shadow</Filter>
    </ClCompile>
    <ClCompile Include="DepthPrePass.cpp">
      <Filter>World\System\Render\03.Pre-pass</Filter>
    </ClCompile>
    <ClCompile Include="UIRenderSystem.cpp">
      <Filter>World\System\UI</Filter>
    </ClCompile>
    <ClCompile Include="RenderPass.cpp">
      <Filter>World\System\Render</Filter>
    </ClCompile>
    <ClCompile Include="OutlinePass.cpp">
      <Filter>World\System\Render\05.Forward</Filter>
    </ClCompile>
    <ClCompile Include="CircularVisualizerComponent.cpp" />
    <ClCompile Include="GameMode.cpp">
      <Filter>World\Script</Filter>
    </ClCompile>
    <ClCompile Include="GameRenderPipeline.cpp">
      <Filter>World\System\Render\00.Pipeline</Filter>
    </ClCompile>
    <ClCompile Include="LobbyRenderPipeline.cpp">
      <Filter>World\System\Render\00.Pipeline</Filter>
    </ClCompile>
    <ClCompile Include="GodRayPass.cpp">
      <Filter>World\System\Render\08.Post\HDR</Filter>
    </ClCompile>
    <ClCompile Include="FogPass.cpp">
      <Filter>World\System\Render\08.Post\HDR</Filter>
    </ClCompile>
    <ClCompile Include="LuminancePass.cpp">
      <Filter>World\System\Render\08.Post\HDR</Filter>
    </ClCompile>
    <ClCompile Include="MotionBlurPass.cpp">
      <Filter>World\System\Render\08.Post\HDR</Filter>
    </ClCompile>
    <ClCompile Include="ChromaticAberrationPass.cpp">
      <Filter>World\System\Render\08.Post\ETC</Filter>
    </ClCompile>
    <ClCompile Include="AudioVisualizerSystem.cpp">
      <Filter>World\System\Render\08.Post\ETC</Filter>
    </ClCompile>
    <ClCompile Include="AudioVisualizerPass.cpp">
      <Filter>World\System\Render\08.Post\ETC</Filter>
    </ClCompile>
    <ClCompile Include="AudioVisualizerComponent.cpp">
      <Filter>World\System\Render\08.Post\ETC</Filter>
    </ClCompile>
    <ClCompile Include="CircularVisualizerPass.cpp">
      <Filter>World\System\Render\08.Post\ETC</Filter>
    </ClCompile>
    <ClCompile Include="FinalCompositePass.cpp">
      <Filter>World\System\Render\08.Post\LDR</Filter>
    </ClCompile>
    <ClCompile Include="ToneMapPass.cpp">
      <Filter>World\System\Render\08.Post\LDR</Filter>
    </ClCompile>
    <ClCompile Include="MotionVectorPass.cpp">
      <Filter>World\System\Render\08.Post\ETC</Filter>
    </ClCompile>
    <ClCompile Include="DualKawaseBlurPass.cpp">
      <Filter>World\System\Render\08.Post</Filter>
    </ClCompile>
  </ItemGroup>
  <ItemGroup>
    <FxCompile Include="..\Resources\Shader\utils.hlsl">
      <Filter>World\Resource\Shader\00.Utils</Filter>
    </FxCompile>
    <FxCompile Include="..\Resources\Shader\params.hlsl">
      <Filter>World\Resource\Shader\00.Utils</Filter>
    </FxCompile>
    <FxCompile Include="..\Resources\Shader\deferred_PS.hlsl">
      <Filter>World\Resource\Shader\40.Deferred</Filter>
    </FxCompile>
    <FxCompile Include="..\Resources\Shader\lighting_point_PS.hlsl">
      <Filter>World\Resource\Shader\40.Deferred</Filter>
    </FxCompile>
    <FxCompile Include="..\Resources\Shader\lighting_point_VS.hlsl">
      <Filter>World\Resource\Shader\40.Deferred</Filter>
    </FxCompile>
    <FxCompile Include="..\Resources\Shader\forward_PS.hlsl">
      <Filter>World\Resource\Shader\50.Forward</Filter>
    </FxCompile>
    <FxCompile Include="..\Resources\Shader\forward_VS.hlsl">
      <Filter>World\Resource\Shader\50.Forward</Filter>
    </FxCompile>
    <FxCompile Include="..\Resources\Shader\deferred_VS.hlsl">
      <Filter>World\Resource\Shader\40.Deferred</Filter>
    </FxCompile>
    <FxCompile Include="..\Resources\Shader\skybox_PS.hlsl">
      <Filter>World\Resource\Shader\50.Forward</Filter>
    </FxCompile>
    <FxCompile Include="..\Resources\Shader\skybox_VS.hlsl">
      <Filter>World\Resource\Shader\50.Forward</Filter>
    </FxCompile>
    <FxCompile Include="..\Resources\Shader\lighting_dir_PS.hlsl">
      <Filter>World\Resource\Shader\40.Deferred</Filter>
    </FxCompile>
    <FxCompile Include="..\Resources\Shader\lighting_dir_VS.hlsl">
      <Filter>World\Resource\Shader\40.Deferred</Filter>
    </FxCompile>
    <FxCompile Include="..\Resources\Shader\final_PS.hlsl">
      <Filter>World\Resource\Shader\40.Deferred</Filter>
    </FxCompile>
    <FxCompile Include="..\Resources\Shader\final_VS.hlsl">
      <Filter>World\Resource\Shader\40.Deferred</Filter>
    </FxCompile>
    <FxCompile Include="..\Resources\Shader\texture_PS.hlsl">
      <Filter>World\Resource\Shader\50.Forward</Filter>
    </FxCompile>
    <FxCompile Include="..\Resources\Shader\texture_VS.hlsl">
      <Filter>World\Resource\Shader\50.Forward</Filter>
    </FxCompile>
    <FxCompile Include="..\Resources\Shader\animation_CS.hlsl">
      <Filter>World\Resource\Shader\99.animation</Filter>
    </FxCompile>
    <FxCompile Include="..\Resources\Shader\math.hlsl">
      <Filter>World\Resource\Shader\00.Utils</Filter>
    </FxCompile>
    <FxCompile Include="..\Resources\Shader\Terrain_DS.hlsl">
      <Filter>World\Resource\Shader\98.Terrain</Filter>
    </FxCompile>
    <FxCompile Include="..\Resources\Shader\Terrain_HS.hlsl">
      <Filter>World\Resource\Shader\98.Terrain</Filter>
    </FxCompile>
    <FxCompile Include="..\Resources\Shader\Terrain_PS.hlsl">
      <Filter>World\Resource\Shader\98.Terrain</Filter>
    </FxCompile>
    <FxCompile Include="..\Resources\Shader\Terrain_VS.hlsl">
      <Filter>World\Resource\Shader\98.Terrain</Filter>
    </FxCompile>
    <FxCompile Include="..\Resources\Shader\UI_VS.hlsl">
      <Filter>World\Resource\Shader\50.Forward</Filter>
    </FxCompile>
    <FxCompile Include="..\Resources\Shader\UI_PS.hlsl">
      <Filter>World\Resource\Shader\50.Forward</Filter>
    </FxCompile>
    <FxCompile Include="..\Resources\Shader\shadow_PS.hlsl">
      <Filter>World\Resource\Shader\01.Shadow</Filter>
    </FxCompile>
    <FxCompile Include="..\Resources\Shader\shadow_VS.hlsl">
      <Filter>World\Resource\Shader\01.Shadow</Filter>
    </FxCompile>
    <FxCompile Include="..\Resources\Shader\shadow_alpha_PS.hlsl">
      <Filter>World\Resource\Shader\01.Shadow</Filter>
    </FxCompile>
    <FxCompile Include="..\Resources\Shader\shadow_alpha_VS.hlsl">
      <Filter>World\Resource\Shader\01.Shadow</Filter>
    </FxCompile>
    <FxCompile Include="..\Resources\Shader\TerrainShadow_DS.hlsl">
      <Filter>World\Resource\Shader\01.Shadow</Filter>
    </FxCompile>
    <FxCompile Include="..\Resources\Shader\TerrainShadow_PS.hlsl">
      <Filter>World\Resource\Shader\01.Shadow</Filter>
    </FxCompile>
    <FxCompile Include="..\Resources\Shader\cartoon_PS.hlsl">
      <Filter>World\Resource\Shader\Cartoon</Filter>
    </FxCompile>
    <FxCompile Include="..\Resources\Shader\cartoon_VS.hlsl">
      <Filter>World\Resource\Shader\Cartoon</Filter>
    </FxCompile>
    <FxCompile Include="..\Resources\Shader\particle_VS.hlsl">
      <Filter>World\Resource\Shader\80.Post\particle</Filter>
    </FxCompile>
    <FxCompile Include="..\Resources\Shader\particle_GS.hlsl">
      <Filter>World\Resource\Shader\80.Post\particle</Filter>
    </FxCompile>
    <FxCompile Include="..\Resources\Shader\particle_PS.hlsl">
      <Filter>World\Resource\Shader\80.Post\particle</Filter>
    </FxCompile>
    <FxCompile Include="..\Resources\Shader\particle_CS.hlsl">
      <Filter>World\Resource\Shader\80.Post\particle</Filter>
    </FxCompile>
    <FxCompile Include="..\Resources\Shader\tonemap_PS.hlsl">
      <Filter>World\Resource\Shader\80.Post</Filter>
    </FxCompile>
    <FxCompile Include="..\Resources\Shader\forward_plus_PS.hlsl">
      <Filter>World\Resource\Shader\50.Forward</Filter>
    </FxCompile>
    <FxCompile Include="..\Resources\Shader\forward_plus_cull_CS.hlsl">
      <Filter>World\Resource\Shader\50.Forward</Filter>
    </FxCompile>
    <FxCompile Include="..\Resources\Shader\FianlComposite_PS.hlsl">
      <Filter>World\Resource\Shader\60.ETC</Filter>
    </FxCompile>
    <FxCompile Include="..\Resources\Shader\FianlComposite_VS.hlsl">
      <Filter>World\Resource\Shader\60.ETC</Filter>
    </FxCompile>
    <FxCompile Include="..\Resources\Shader\depth_prepass_PS.hlsl">
      <Filter>World\Resource\Shader\01.Shadow</Filter>
    </FxCompile>
    <FxCompile Include="..\Resources\Shader\depth_prepass_alpha_PS.hlsl">
      <Filter>World\Resource\Shader\01.Shadow</Filter>
    </FxCompile>
    <FxCompile Include="..\Resources\Shader\depth_prepass_VS.hlsl">
      <Filter>World\Resource\Shader\01.Shadow</Filter>
    </FxCompile>
    <FxCompile Include="..\Resources\Shader\depth_prepass_alpha_VS.hlsl">
      <Filter>World\Resource\Shader\01.Shadow</Filter>
    </FxCompile>
    <FxCompile Include="..\Resources\Shader\outline_PS.hlsl">
      <Filter>World\Resource\Shader\Cartoon</Filter>
    </FxCompile>
    <FxCompile Include="..\Resources\Shader\outline_VS.hlsl">
      <Filter>World\Resource\Shader\Cartoon</Filter>
    </FxCompile>
    <FxCompile Include="..\Resources\Shader\Fog_PS.hlsl">
      <Filter>World\Resource\Shader\80.Post</Filter>
    </FxCompile>
    <FxCompile Include="..\Resources\Shader\visualizer_PS.hlsl">
      <Filter>World\Resource\Shader\80.Post\Style</Filter>
    </FxCompile>
    <FxCompile Include="..\Resources\Shader\solid_PS.hlsl">
      <Filter>World\Resource\Shader\80.Post\Style</Filter>
    </FxCompile>
    <FxCompile Include="..\Resources\Shader\Luminance_VS.hlsl">
      <Filter>World\Resource\Shader\80.Post\Style</Filter>
    </FxCompile>
    <FxCompile Include="..\Resources\Shader\Luminance_PS.hlsl">
      <Filter>World\Resource\Shader\80.Post\Style</Filter>
    </FxCompile>
    <FxCompile Include="..\Resources\Shader\ChromaticAberration_PS.hlsl">
      <Filter>World\Resource\Shader\80.Post\Style</Filter>
    </FxCompile>
    <FxCompile Include="..\Resources\Shader\ChromaticAberration_VS.hlsl">
      <Filter>World\Resource\Shader\80.Post\Style</Filter>
    </FxCompile>
    <FxCompile Include="..\Resources\Shader\forward_alpha_PS.hlsl">
      <Filter>World\Resource\Shader\50.Forward</Filter>
    </FxCompile>
    <FxCompile Include="..\Resources\Shader\forward_alpha_VS.hlsl">
      <Filter>World\Resource\Shader\50.Forward</Filter>
    </FxCompile>
    <FxCompile Include="..\Resources\Shader\godray_PS.hlsl">
      <Filter>World\Resource\Shader\80.Post\bloom</Filter>
    </FxCompile>
    <FxCompile Include="..\Resources\Shader\MotionBlur_PS.hlsl">
      <Filter>World\Resource\Shader\80.Post\bloom</Filter>
    </FxCompile>
    <FxCompile Include="..\Resources\Shader\MotionVector_PS.hlsl">
      <Filter>World\Resource\Shader\80.Post\bloom</Filter>
    </FxCompile>
    <FxCompile Include="..\Resources\Shader\MotionVector_VS.hlsl">
      <Filter>World\Resource\Shader\80.Post\bloom</Filter>
    </FxCompile>
    <FxCompile Include="..\Resources\Shader\emissive_composite_PS.hlsl">
      <Filter>World\Resource\Shader\80.Post\bloom</Filter>
    </FxCompile>
    <FxCompile Include="..\Resources\Shader\emissive_extract_PS.hlsl">
      <Filter>World\Resource\Shader\80.Post\bloom</Filter>
    </FxCompile>
    <FxCompile Include="..\Resources\Shader\kawase_down_PS.hlsl">
      <Filter>World\Resource\Shader\80.Post\bloom</Filter>
    </FxCompile>
    <FxCompile Include="..\Resources\Shader\kawase_up_PS.hlsl">
      <Filter>World\Resource\Shader\80.Post\bloom</Filter>
    </FxCompile>
  </ItemGroup>
  <ItemGroup>
    <ResourceCompile Include="Majestro_Engine.rc" />
  </ItemGroup>
  <ItemGroup>
    <None Include="SimpleMath.inl">
      <Filter>Utils\Math</Filter>
    </None>
  </ItemGroup>
</Project>