<?xml version="1.0" encoding="utf-8"?>
<Project ToolsVersion="4.0" xmlns="http://schemas.microsoft.com/developer/msbuild/2003">
  <ItemGroup>
    <Filter Include="Engine">
      <UniqueIdentifier>{0d5ad3e0-e80b-40bd-bd92-2c925fa7c1ac}</UniqueIdentifier>
    </Filter>
    <Filter Include="Utils">
      <UniqueIdentifier>{9bb31ba1-1294-41a6-89e1-2709670d00df}</UniqueIdentifier>
    </Filter>
    <Filter Include="Resource">
      <UniqueIdentifier>{5d37619e-7af7-4b04-b518-ecab98bd7447}</UniqueIdentifier>
    </Filter>
    <Filter Include="Engine\DirectX">
      <UniqueIdentifier>{7d3501dc-6631-40d9-b78e-da3d206e4665}</UniqueIdentifier>
    </Filter>
    <Filter Include="Manager">
      <UniqueIdentifier>{e25be560-227f-4c1a-8f97-0c430f065a4b}</UniqueIdentifier>
    </Filter>
    <Filter Include="Resource\Object">
      <UniqueIdentifier>{52d107be-891b-4e06-9039-6b3061aa7abb}</UniqueIdentifier>
    </Filter>
    <Filter Include="Resource\Scene">
      <UniqueIdentifier>{36dac02a-9fb7-4ded-8ef0-23e750bbbffe}</UniqueIdentifier>
    </Filter>
    <Filter Include="Resource\Graphics">
      <UniqueIdentifier>{5b5686a6-c2b7-42e4-a687-849a9730b40b}</UniqueIdentifier>
    </Filter>
    <Filter Include="Manager\Iinput">
      <UniqueIdentifier>{bc1eefe5-0ee2-4cf9-b26a-fbc8ace41920}</UniqueIdentifier>
    </Filter>
  </ItemGroup>
  <ItemGroup>
    <ClInclude Include="pch.h">
      <Filter>Utils</Filter>
    </ClInclude>
    <ClInclude Include="d3dx12.h">
      <Filter>Utils</Filter>
    </ClInclude>
    <ClInclude Include="EnginePch.h">
      <Filter>Utils</Filter>
    </ClInclude>
    <ClInclude Include="Device.h">
      <Filter>Engine\DirectX</Filter>
    </ClInclude>
    <ClInclude Include="RootSignatureParams.h">
      <Filter>Engine\DirectX</Filter>
    </ClInclude>
    <ClInclude Include="Engine.h">
      <Filter>Engine</Filter>
    </ClInclude>
    <ClInclude Include="CommandQueue.h">
      <Filter>Engine\DirectX</Filter>
    </ClInclude>
    <ClInclude Include="SwapChain.h">
      <Filter>Engine\DirectX</Filter>
    </ClInclude>
    <ClInclude Include="SceneManager.h">
      <Filter>Manager</Filter>
    </ClInclude>
    <ClInclude Include="RenderManager.h">
      <Filter>Manager</Filter>
    </ClInclude>
    <ClInclude Include="AudioManager.h">
      <Filter>Manager</Filter>
    </ClInclude>
    <ClInclude Include="ResourceManager.h">
      <Filter>Manager</Filter>
    </ClInclude>
    <ClInclude Include="Timer.h">
      <Filter>Manager</Filter>
    </ClInclude>
    <ClInclude Include="Buffer.h">
      <Filter>Engine\DirectX</Filter>
    </ClInclude>
    <ClInclude Include="RenderTarget.h">
      <Filter>Engine\DirectX</Filter>
    </ClInclude>
    <ClInclude Include="Material.h">
      <Filter>Resource\Graphics</Filter>
    </ClInclude>
    <ClInclude Include="Mesh.h">
      <Filter>Resource\Graphics</Filter>
    </ClInclude>
    <ClInclude Include="Shader.h">
      <Filter>Resource\Graphics</Filter>
    </ClInclude>
    <ClInclude Include="Texture.h">
      <Filter>Resource\Graphics</Filter>
    </ClInclude>
    <ClInclude Include="InputManager.h">
      <Filter>Manager\Iinput</Filter>
    </ClInclude>
    <ClInclude Include="RootSignature.h">
      <Filter>Engine\DirectX</Filter>
    </ClInclude>
  </ItemGroup>
  <ItemGroup>
    <ClCompile Include="pch.cpp">
      <Filter>Utils</Filter>
    </ClCompile>
    <ClCompile Include="EnginePch.cpp">
      <Filter>Utils</Filter>
    </ClCompile>
    <ClCompile Include="Device.cpp">
      <Filter>Engine\DirectX</Filter>
    </ClCompile>
    <ClCompile Include="RootSignatureParams.cpp">
      <Filter>Engine\DirectX</Filter>
    </ClCompile>
    <ClCompile Include="Engine.cpp">
      <Filter>Engine</Filter>
    </ClCompile>
    <ClCompile Include="CommandQueue.cpp">
      <Filter>Engine\DirectX</Filter>
    </ClCompile>
    <ClCompile Include="SwapChain.cpp">
      <Filter>Engine\DirectX</Filter>
    </ClCompile>
    <ClCompile Include="SceneManager.cpp">
      <Filter>Manager</Filter>
    </ClCompile>
    <ClCompile Include="RenderManager.cpp">
      <Filter>Manager</Filter>
    </ClCompile>
    <ClCompile Include="AudioManager.cpp">
      <Filter>Manager</Filter>
    </ClCompile>
    <ClCompile Include="ResourceManager.cpp">
      <Filter>Manager</Filter>
    </ClCompile>
    <ClCompile Include="Timer.cpp">
      <Filter>Manager</Filter>
    </ClCompile>
    <ClCompile Include="Buffer.cpp">
      <Filter>Engine\DirectX</Filter>
    </ClCompile>
    <ClCompile Include="RenderTarget.cpp">
      <Filter>Engine\DirectX</Filter>
    </ClCompile>
    <ClCompile Include="Material.cpp">
      <Filter>Resource\Graphics</Filter>
    </ClCompile>
    <ClCompile Include="Mesh.cpp">
      <Filter>Resource\Graphics</Filter>
    </ClCompile>
    <ClCompile Include="Shader.cpp">
      <Filter>Resource\Graphics</Filter>
    </ClCompile>
    <ClCompile Include="Texture.cpp">
      <Filter>Resource\Graphics</Filter>
    </ClCompile>
    <ClCompile Include="InputManager.cpp">
      <Filter>Manager\Iinput</Filter>
    </ClCompile>
    <ClCompile Include="RootSignature.cpp">
      <Filter>Engine\DirectX</Filter>
    </ClCompile>
  </ItemGroup>
</Project>