<?xml version="1.0" encoding="utf-8"?>
<Project ToolsVersion="4.0" xmlns="http://schemas.microsoft.com/developer/msbuild/2003">
  <ItemGroup>
    <Filter Include="Engine">
      <UniqueIdentifier>{0d5ad3e0-e80b-40bd-bd92-2c925fa7c1ac}</UniqueIdentifier>
    </Filter>
    <Filter Include="Utils">
      <UniqueIdentifier>{9bb31ba1-1294-41a6-89e1-2709670d00df}</UniqueIdentifier>
    </Filter>
    <Filter Include="Engine\DirectX">
      <UniqueIdentifier>{7d3501dc-6631-40d9-b78e-da3d206e4665}</UniqueIdentifier>
    </Filter>
    <Filter Include="Engine\Manager">
      <UniqueIdentifier>{e25be560-227f-4c1a-8f97-0c430f065a4b}</UniqueIdentifier>
    </Filter>
    <Filter Include="Engine\Manager\Iinput">
      <UniqueIdentifier>{bc1eefe5-0ee2-4cf9-b26a-fbc8ace41920}</UniqueIdentifier>
    </Filter>
    <Filter Include="World">
      <UniqueIdentifier>{5f424f74-620e-485f-a6d1-91c4def384a4}</UniqueIdentifier>
    </Filter>
    <Filter Include="World\Component">
      <UniqueIdentifier>{daa85ef4-ecaa-4e67-992c-5da448148f64}</UniqueIdentifier>
    </Filter>
    <Filter Include="World\Resource">
      <UniqueIdentifier>{5d37619e-7af7-4b04-b518-ecab98bd7447}</UniqueIdentifier>
    </Filter>
    <Filter Include="World\Resource\Graphics">
      <UniqueIdentifier>{5b5686a6-c2b7-42e4-a687-849a9730b40b}</UniqueIdentifier>
    </Filter>
    <Filter Include="World\System">
      <UniqueIdentifier>{c2a51ae1-8858-420d-b3a2-ac8b9c3a5ad0}</UniqueIdentifier>
    </Filter>
    <Filter Include="World\Entity">
      <UniqueIdentifier>{9ed7b76a-a24c-4b47-9856-c3bea6ef160f}</UniqueIdentifier>
    </Filter>
    <Filter Include="World\Resource\Shader">
      <UniqueIdentifier>{a87ffd82-97ab-44cf-a036-614ab1754d04}</UniqueIdentifier>
    </Filter>
    <Filter Include="Utils\UITools">
      <UniqueIdentifier>{1eabffd8-9ecb-476b-97df-1f2f68729020}</UniqueIdentifier>
    </Filter>
    <Filter Include="World\Resource\Shader\Deferred">
      <UniqueIdentifier>{9ff8d14e-9792-4fb6-a3c3-3635c6b5f956}</UniqueIdentifier>
    </Filter>
    <Filter Include="World\Resource\Shader\Forward">
      <UniqueIdentifier>{3b49f856-69bf-46ec-ad1b-9d94e8c31bb2}</UniqueIdentifier>
    </Filter>
    <Filter Include="World\Resource\Shader\Particle">
      <UniqueIdentifier>{041f38b3-62c6-49d0-bcc3-60abc1d8a57b}</UniqueIdentifier>
    </Filter>
    <Filter Include="World\Resource\Shader\Utils">
      <UniqueIdentifier>{06defce9-15b0-49a7-8794-682af45355e5}</UniqueIdentifier>
    </Filter>
    <Filter Include="World\Resource\Shader\animation">
      <UniqueIdentifier>{38130558-6394-44be-a0f6-beb19ba95322}</UniqueIdentifier>
    </Filter>
  </ItemGroup>
  <ItemGroup>
    <ClInclude Include="pch.h">
      <Filter>Utils</Filter>
    </ClInclude>
    <ClInclude Include="d3dx12.h">
      <Filter>Utils</Filter>
    </ClInclude>
    <ClInclude Include="EnginePch.h">
      <Filter>Utils</Filter>
    </ClInclude>
    <ClInclude Include="Device.h">
      <Filter>Engine\DirectX</Filter>
    </ClInclude>
    <ClInclude Include="DescriptorHeap.h">
      <Filter>Engine\DirectX</Filter>
    </ClInclude>
    <ClInclude Include="Engine.h">
      <Filter>Engine</Filter>
    </ClInclude>
    <ClInclude Include="CommandQueue.h">
      <Filter>Engine\DirectX</Filter>
    </ClInclude>
    <ClInclude Include="SwapChain.h">
      <Filter>Engine\DirectX</Filter>
    </ClInclude>
    <ClInclude Include="SceneManager.h">
      <Filter>Engine\Manager</Filter>
    </ClInclude>
    <ClInclude Include="RenderManager.h">
      <Filter>Engine\Manager</Filter>
    </ClInclude>
    <ClInclude Include="AudioManager.h">
      <Filter>Engine\Manager</Filter>
    </ClInclude>
    <ClInclude Include="ResourceManager.h">
      <Filter>Engine\Manager</Filter>
    </ClInclude>
    <ClInclude Include="Timer.h">
      <Filter>Engine\Manager</Filter>
    </ClInclude>
    <ClInclude Include="Buffer.h">
      <Filter>Engine\DirectX</Filter>
    </ClInclude>
    <ClInclude Include="RenderTarget.h">
      <Filter>Engine\DirectX</Filter>
    </ClInclude>
    <ClInclude Include="Material.h">
      <Filter>World\Resource\Graphics</Filter>
    </ClInclude>
    <ClInclude Include="Mesh.h">
      <Filter>World\Resource\Graphics</Filter>
    </ClInclude>
    <ClInclude Include="Shader.h">
      <Filter>World\Resource\Graphics</Filter>
    </ClInclude>
    <ClInclude Include="Texture.h">
      <Filter>World\Resource\Graphics</Filter>
    </ClInclude>
    <ClInclude Include="InputManager.h">
      <Filter>Engine\Manager\Iinput</Filter>
    </ClInclude>
    <ClInclude Include="RootSignature.h">
      <Filter>Engine\DirectX</Filter>
    </ClInclude>
    <ClInclude Include="Component.h">
      <Filter>World\Component</Filter>
    </ClInclude>
    <ClInclude Include="SimpleMath.h">
      <Filter>Utils</Filter>
    </ClInclude>
    <ClInclude Include="System.h">
      <Filter>World\System</Filter>
    </ClInclude>
    <ClInclude Include="Entity.h">
      <Filter>World\Entity</Filter>
    </ClInclude>
    <ClInclude Include="Object.h">
      <Filter>World\Resource</Filter>
    </ClInclude>
    <ClInclude Include="ComponentPool.h">
      <Filter>World\Component</Filter>
    </ClInclude>
    <ClInclude Include="SystemManager.h">
      <Filter>World\System</Filter>
    </ClInclude>
    <ClInclude Include="EventManager.h">
      <Filter>World\System</Filter>
    </ClInclude>
    <ClInclude Include="Scene.h">
      <Filter>World</Filter>
    </ClInclude>
    <ClInclude Include="RenderSystem.h">
      <Filter>World\System</Filter>
    </ClInclude>
    <ClInclude Include="RenderComponent.h">
      <Filter>World\Component</Filter>
    </ClInclude>
    <ClInclude Include="World.h">
      <Filter>World</Filter>
    </ClInclude>
    <ClInclude Include="TagComponent.h">
      <Filter>World\Component</Filter>
    </ClInclude>
    <ClInclude Include="TransformComponent.h">
      <Filter>World\Component</Filter>
    </ClInclude>
    <ClInclude Include="LightComponent.h">
      <Filter>World\Component</Filter>
    </ClInclude>
    <ClInclude Include="CameraComponent.h">
      <Filter>World\Component</Filter>
    </ClInclude>
    <ClInclude Include="AnimationComponent.h">
      <Filter>World\Component</Filter>
    </ClInclude>
    <ClInclude Include="ParticleComponent.h">
      <Filter>World\Component</Filter>
    </ClInclude>
    <ClInclude Include="Imgui.h" />
    <ClInclude Include="CameraSystem.h">
      <Filter>World\System</Filter>
    </ClInclude>
    <ClInclude Include="TransformSystem.h">
      <Filter>World\System</Filter>
    </ClInclude>
    <ClInclude Include="ParticleSystem.h" />
    <ClInclude Include="Prefab.h">
      <Filter>World\Resource</Filter>
    </ClInclude>
    <ClInclude Include="AudioSystem.h">
      <Filter>World\System</Filter>
    </ClInclude>
    <ClInclude Include="AudioComponent.h">
      <Filter>World\Component</Filter>
    </ClInclude>
    <ClInclude Include="resource.h" />
    <ClInclude Include="AnimationSystem.h">
      <Filter>World\System</Filter>
    </ClInclude>
    <ClInclude Include="Skeleton.h">
      <Filter>World\Resource\Graphics</Filter>
    </ClInclude>
    <ClInclude Include="Animator.h">
      <Filter>World\Resource\Graphics</Filter>
    </ClInclude>
    <ClInclude Include="FBXData.h">
      <Filter>World\Resource\Graphics</Filter>
    </ClInclude>
    <ClInclude Include="PlayerComponent.h">
      <Filter>World\Component</Filter>
    </ClInclude>
    <ClInclude Include="PlayerSystem.h">
      <Filter>World\System</Filter>
    </ClInclude>
    <ClInclude Include="StateMachine.h">
      <Filter>World\Component</Filter>
    </ClInclude>
  </ItemGroup>
  <ItemGroup>
    <ClCompile Include="pch.cpp">
      <Filter>Utils</Filter>
    </ClCompile>
    <ClCompile Include="EnginePch.cpp">
      <Filter>Utils</Filter>
    </ClCompile>
    <ClCompile Include="Device.cpp">
      <Filter>Engine\DirectX</Filter>
    </ClCompile>
    <ClCompile Include="DescriptorHeap.cpp">
      <Filter>Engine\DirectX</Filter>
    </ClCompile>
    <ClCompile Include="Engine.cpp">
      <Filter>Engine</Filter>
    </ClCompile>
    <ClCompile Include="CommandQueue.cpp">
      <Filter>Engine\DirectX</Filter>
    </ClCompile>
    <ClCompile Include="SwapChain.cpp">
      <Filter>Engine\DirectX</Filter>
    </ClCompile>
    <ClCompile Include="SceneManager.cpp">
      <Filter>Engine\Manager</Filter>
    </ClCompile>
    <ClCompile Include="RenderManager.cpp">
      <Filter>Engine\Manager</Filter>
    </ClCompile>
    <ClCompile Include="AudioManager.cpp">
      <Filter>Engine\Manager</Filter>
    </ClCompile>
    <ClCompile Include="ResourceManager.cpp">
      <Filter>Engine\Manager</Filter>
    </ClCompile>
    <ClCompile Include="Timer.cpp">
      <Filter>Engine\Manager</Filter>
    </ClCompile>
    <ClCompile Include="Buffer.cpp">
      <Filter>Engine\DirectX</Filter>
    </ClCompile>
    <ClCompile Include="RenderTarget.cpp">
      <Filter>Engine\DirectX</Filter>
    </ClCompile>
    <ClCompile Include="Material.cpp">
      <Filter>World\Resource\Graphics</Filter>
    </ClCompile>
    <ClCompile Include="Mesh.cpp">
      <Filter>World\Resource\Graphics</Filter>
    </ClCompile>
    <ClCompile Include="Shader.cpp">
      <Filter>World\Resource\Graphics</Filter>
    </ClCompile>
    <ClCompile Include="Texture.cpp">
      <Filter>World\Resource\Graphics</Filter>
    </ClCompile>
    <ClCompile Include="InputManager.cpp">
      <Filter>Engine\Manager\Iinput</Filter>
    </ClCompile>
    <ClCompile Include="RootSignature.cpp">
      <Filter>Engine\DirectX</Filter>
    </ClCompile>
    <ClCompile Include="Prefab.cpp">
      <Filter>World\Resource</Filter>
    </ClCompile>
    <ClCompile Include="Component.cpp">
      <Filter>World\Component</Filter>
    </ClCompile>
    <ClCompile Include="SimpleMath.cpp">
      <Filter>Utils</Filter>
    </ClCompile>
    <ClCompile Include="System.cpp">
      <Filter>World\System</Filter>
    </ClCompile>
    <ClCompile Include="Entity.cpp">
      <Filter>World\Entity</Filter>
    </ClCompile>
    <ClCompile Include="Object.cpp">
      <Filter>World\Resource</Filter>
    </ClCompile>
    <ClCompile Include="ComponentPool.cpp">
      <Filter>World\Component</Filter>
    </ClCompile>
    <ClCompile Include="SystemManager.cpp">
      <Filter>World\System</Filter>
    </ClCompile>
    <ClCompile Include="EventManager.cpp">
      <Filter>World\System</Filter>
    </ClCompile>
    <ClCompile Include="Scene.cpp">
      <Filter>World</Filter>
    </ClCompile>
    <ClCompile Include="RenderSystem.cpp">
      <Filter>World\System</Filter>
    </ClCompile>
    <ClCompile Include="RenderComponent.cpp">
      <Filter>World\Component</Filter>
    </ClCompile>
    <ClCompile Include="World.cpp">
      <Filter>World</Filter>
    </ClCompile>
    <ClCompile Include="TagComponent.cpp">
      <Filter>World\Component</Filter>
    </ClCompile>
    <ClCompile Include="TransformComponent.cpp">
      <Filter>World\Component</Filter>
    </ClCompile>
    <ClCompile Include="LightComponent.cpp">
      <Filter>World\Component</Filter>
    </ClCompile>
    <ClCompile Include="CameraComponent.cpp">
      <Filter>World\Component</Filter>
    </ClCompile>
    <ClCompile Include="AnimationComponent.cpp">
      <Filter>World\Component</Filter>
    </ClCompile>
    <ClCompile Include="ParticleComponent.cpp">
      <Filter>World\Component</Filter>
    </ClCompile>
    <ClCompile Include="Imgui.cpp" />
    <ClCompile Include="CameraSystem.cpp">
      <Filter>World\System</Filter>
    </ClCompile>
    <ClCompile Include="TransformSystem.cpp">
      <Filter>World\System</Filter>
    </ClCompile>
    <ClCompile Include="ParticleSystem.cpp">
      <Filter>World\System</Filter>
    </ClCompile>
    <ClCompile Include="AudioSystem.cpp">
      <Filter>World\System</Filter>
    </ClCompile>
    <ClCompile Include="AudioComponent.cpp">
      <Filter>World\Component</Filter>
    </ClCompile>
    <ClCompile Include="AnimationSystem.cpp">
      <Filter>World\System</Filter>
    </ClCompile>
    <ClCompile Include="Skeleton.cpp">
      <Filter>World\Resource\Graphics</Filter>
    </ClCompile>
    <ClCompile Include="Animator.cpp">
      <Filter>World\Resource\Graphics</Filter>
    </ClCompile>
    <ClCompile Include="FBXData.cpp">
      <Filter>World\Resource\Graphics</Filter>
    </ClCompile>
    <ClCompile Include="PlayerComponent.cpp">
      <Filter>World\Component</Filter>
    </ClCompile>
    <ClCompile Include="PlayerSystem.cpp">
      <Filter>World\System</Filter>
    </ClCompile>
    <ClCompile Include="StateMachine.cpp">
      <Filter>World\Component</Filter>
    </ClCompile>
  </ItemGroup>
  <ItemGroup>
    <None Include="SimpleMath.inl">
      <Filter>Utils</Filter>
    </None>
  </ItemGroup>
  <ItemGroup>
    <FxCompile Include="..\Resources\Shader\utils.hlsl">
      <Filter>World\Resource\Shader\Utils</Filter>
    </FxCompile>
    <FxCompile Include="..\Resources\Shader\params.hlsl">
      <Filter>World\Resource\Shader\Utils</Filter>
    </FxCompile>
    <FxCompile Include="..\Resources\Shader\deferred_PS.hlsl">
      <Filter>World\Resource\Shader\Deferred</Filter>
    </FxCompile>
    <FxCompile Include="..\Resources\Shader\lighting_point_PS.hlsl">
      <Filter>World\Resource\Shader\Deferred</Filter>
    </FxCompile>
    <FxCompile Include="..\Resources\Shader\lighting_point_VS.hlsl">
      <Filter>World\Resource\Shader\Deferred</Filter>
    </FxCompile>
    <FxCompile Include="..\Resources\Shader\shadow_PS.hlsl">
      <Filter>World\Resource\Shader\Deferred</Filter>
    </FxCompile>
    <FxCompile Include="..\Resources\Shader\shadow_VS.hlsl">
      <Filter>World\Resource\Shader\Deferred</Filter>
    </FxCompile>
    <FxCompile Include="..\Resources\Shader\forward_PS.hlsl">
      <Filter>World\Resource\Shader\Forward</Filter>
    </FxCompile>
    <FxCompile Include="..\Resources\Shader\forward_VS.hlsl">
      <Filter>World\Resource\Shader\Forward</Filter>
    </FxCompile>
    <FxCompile Include="..\Resources\Shader\particle_PS.hlsl">
      <Filter>World\Resource\Shader\Particle</Filter>
    </FxCompile>
    <FxCompile Include="..\Resources\Shader\particle_VS.hlsl">
      <Filter>World\Resource\Shader\Particle</Filter>
    </FxCompile>
    <FxCompile Include="..\Resources\Shader\particle_GS.hlsl">
      <Filter>World\Resource\Shader\Particle</Filter>
    </FxCompile>
    <FxCompile Include="..\Resources\Shader\particle_CS.hlsl">
      <Filter>World\Resource\Shader\Particle</Filter>
    </FxCompile>
    <FxCompile Include="..\Resources\Shader\deferred_VS.hlsl">
      <Filter>World\Resource\Shader\Deferred</Filter>
    </FxCompile>
    <FxCompile Include="..\Resources\Shader\skybox_PS.hlsl">
      <Filter>World\Resource\Shader\Forward</Filter>
    </FxCompile>
    <FxCompile Include="..\Resources\Shader\skybox_VS.hlsl">
      <Filter>World\Resource\Shader\Forward</Filter>
    </FxCompile>
    <FxCompile Include="..\Resources\Shader\lighting_dir_PS.hlsl">
      <Filter>World\Resource\Shader\Deferred</Filter>
    </FxCompile>
    <FxCompile Include="..\Resources\Shader\lighting_dir_VS.hlsl">
      <Filter>World\Resource\Shader\Deferred</Filter>
    </FxCompile>
    <FxCompile Include="..\Resources\Shader\final_PS.hlsl">
      <Filter>World\Resource\Shader\Deferred</Filter>
    </FxCompile>
    <FxCompile Include="..\Resources\Shader\final_VS.hlsl">
      <Filter>World\Resource\Shader\Deferred</Filter>
    </FxCompile>
    <FxCompile Include="..\Resources\Shader\texture_PS.hlsl">
      <Filter>World\Resource\Shader\Forward</Filter>
    </FxCompile>
    <FxCompile Include="..\Resources\Shader\texture_VS.hlsl">
      <Filter>World\Resource\Shader\Forward</Filter>
    </FxCompile>
    <FxCompile Include="..\Resources\Shader\animation_CS.hlsl">
      <Filter>World\Resource\Shader\animation</Filter>
    </FxCompile>
    <FxCompile Include="..\Resources\Shader\math.hlsl">
      <Filter>World\Resource\Shader\Utils</Filter>
    </FxCompile>
  </ItemGroup>
  <ItemGroup>
    <ResourceCompile Include="Majestro_Engine.rc" />
  </ItemGroup>
</Project>