<?xml version="1.0" encoding="utf-8"?>
<Project ToolsVersion="4.0" xmlns="http://schemas.microsoft.com/developer/msbuild/2003">
  <ItemGroup>
    <Filter Include="Source">
      <UniqueIdentifier>{4FC737F1-C7A5-4376-A066-2A32D752A2FF}</UniqueIdentifier>
      <Extensions>cpp;c;cc;cxx;c++;cppm;ixx;def;odl;idl;hpj;bat;asm;asmx</Extensions>
    </Filter>
    <Filter Include="Resource">
      <UniqueIdentifier>{67DA6AB6-F800-4c08-8B7A-83BB121AAD01}</UniqueIdentifier>
      <Extensions>rc;ico;cur;bmp;dlg;rc2;rct;bin;rgs;gif;jpg;jpeg;jpe;resx;tiff;tif;png;wav;mfcribbon-ms</Extensions>
    </Filter>
    <Filter Include="Game">
      <UniqueIdentifier>{3a1fe4bf-b240-4cd7-bba3-74d4edb34e42}</UniqueIdentifier>
    </Filter>
    <Filter Include="Infrastructure\PCH">
      <UniqueIdentifier>{87ef141a-194c-4c65-8e54-a6a3a00262f3}</UniqueIdentifier>
    </Filter>
    <Filter Include="Application">
      <UniqueIdentifier>{f01f79d3-8445-471e-bb12-85886cbab28a}</UniqueIdentifier>
    </Filter>
    <Filter Include="Infrastructure">
      <UniqueIdentifier>{ee95f399-ef74-4dff-9cef-1ab01ab8ab6d}</UniqueIdentifier>
    </Filter>
  </ItemGroup>
  <ItemGroup>
    <ClInclude Include="framework.h">
      <Filter>Infrastructure\PCH</Filter>
    </ClInclude>
    <ClInclude Include="pch.h">
      <Filter>Infrastructure\PCH</Filter>
    </ClInclude>
    <ClInclude Include="Resource.h">
      <Filter>Resource</Filter>
    </ClInclude>
    <ClInclude Include="targetver.h">
      <Filter>Infrastructure\PCH</Filter>
    </ClInclude>
    <ClInclude Include="Game.h">
      <Filter>Game</Filter>
    </ClInclude>
    <ClInclude Include="Majestro.h">
      <Filter>Application</Filter>
    </ClInclude>
  </ItemGroup>
  <ItemGroup>
    <ClCompile Include="pch.cpp">
      <Filter>Infrastructure\PCH</Filter>
    </ClCompile>
    <ClCompile Include="Game.cpp">
      <Filter>Game</Filter>
    </ClCompile>
    <ClCompile Include="Majestro.cpp">
      <Filter>Application</Filter>
    </ClCompile>
  </ItemGroup>
  <ItemGroup>
    <ResourceCompile Include="Majestro.rc">
      <Filter>Resource</Filter>
    </ResourceCompile>
  </ItemGroup>
  <ItemGroup>
    <Image Include="small.ico">
      <Filter>Resource</Filter>
    </Image>
    <Image Include="Majestro.ico">
      <Filter>Resource</Filter>
    </Image>
  </ItemGroup>
</Project>