<?xml version="1.0" encoding="utf-8"?>
<Project ToolsVersion="4.0" xmlns="http://schemas.microsoft.com/developer/msbuild/2003">
  <ItemGroup>
    <Filter Include="Main">
      <UniqueIdentifier>{e8dccf15-3bdd-4854-8dd2-f0ba5d770abc}</UniqueIdentifier>
    </Filter>
    <Filter Include="Utils">
      <UniqueIdentifier>{37e6aaa6-0769-426b-aa67-d42e60cd791c}</UniqueIdentifier>
    </Filter>
    <Filter Include="System">
      <UniqueIdentifier>{497b6fe8-91e8-4fed-9d5e-dd3600e52aa2}</UniqueIdentifier>
    </Filter>
    <Filter Include="Component">
      <UniqueIdentifier>{d32b43f7-1af2-470c-830f-83448b518526}</UniqueIdentifier>
    </Filter>
    <Filter Include="Script">
      <UniqueIdentifier>{323a0205-aeed-4fb4-9b98-ae7020986e3d}</UniqueIdentifier>
    </Filter>
    <Filter Include="System\Network">
      <UniqueIdentifier>{a37e56d3-d2e0-4355-a2d3-d93cb97f4003}</UniqueIdentifier>
    </Filter>
    <Filter Include="Manager">
      <UniqueIdentifier>{85ccf23d-496d-4de2-90c5-e390f2454e07}</UniqueIdentifier>
    </Filter>
    <Filter Include="Base">
      <UniqueIdentifier>{a8ef1047-de37-4766-b762-55e5b01b6b60}</UniqueIdentifier>
    </Filter>
    <Filter Include="Base\Component">
      <UniqueIdentifier>{ae179543-396e-48af-bbcb-314dc1f60a84}</UniqueIdentifier>
    </Filter>
    <Filter Include="Base\System">
      <UniqueIdentifier>{81b65a26-333a-4c3d-9821-bae77d79c894}</UniqueIdentifier>
    </Filter>
    <Filter Include="Base\World">
      <UniqueIdentifier>{74ea0e39-fcc5-48cd-8abe-50e970308d15}</UniqueIdentifier>
    </Filter>
    <Filter Include="Resource">
      <UniqueIdentifier>{cf7a9df3-8932-4e46-87e7-57a5cd41075a}</UniqueIdentifier>
    </Filter>
    <Filter Include="System\Logic">
      <UniqueIdentifier>{7e0aca65-3a27-4699-8480-8b40d86383d9}</UniqueIdentifier>
    </Filter>
    <Filter Include="System\Input">
      <UniqueIdentifier>{3593629e-5ded-49a1-b375-b6f43053a1fb}</UniqueIdentifier>
    </Filter>
    <Filter Include="Component\Logic">
      <UniqueIdentifier>{b899b734-dcb2-49c1-b5b1-94536e826491}</UniqueIdentifier>
    </Filter>
    <Filter Include="Component\Server">
      <UniqueIdentifier>{006d4b30-e4b1-44fa-a795-7e4dbc12098f}</UniqueIdentifier>
    </Filter>
    <Filter Include="Component\Utils">
      <UniqueIdentifier>{a916b56b-9b0d-49f6-8a12-9b17b084c818}</UniqueIdentifier>
    </Filter>
    <Filter Include="Base\Event">
      <UniqueIdentifier>{166ddb8d-195f-421c-92c6-845c6271abdb}</UniqueIdentifier>
    </Filter>
  </ItemGroup>
  <ItemGroup>
    <ClCompile Include="GameServer.cpp">
      <Filter>Main</Filter>
    </ClCompile>
    <ClCompile Include="pch.cpp">
      <Filter>Utils</Filter>
    </ClCompile>
    <ClCompile Include="SimpleMath.cpp">
      <Filter>Utils</Filter>
    </ClCompile>
    <ClCompile Include="GameCore.cpp">
      <Filter>Main</Filter>
    </ClCompile>
    <ClCompile Include="Prefab.cpp">
      <Filter>Script</Filter>
    </ClCompile>
    <ClCompile Include="Scene.cpp">
      <Filter>Script</Filter>
    </ClCompile>
    <ClCompile Include="StateMachine.cpp">
      <Filter>Script</Filter>
    </ClCompile>
    <ClCompile Include="SystemManager.cpp">
      <Filter>Base\System</Filter>
    </ClCompile>
    <ClCompile Include="System.cpp">
      <Filter>Base\System</Filter>
    </ClCompile>
    <ClCompile Include="Component.cpp">
      <Filter>Base\Component</Filter>
    </ClCompile>
    <ClCompile Include="ComponentPool.cpp">
      <Filter>Base\Component</Filter>
    </ClCompile>
    <ClCompile Include="Entity.cpp">
      <Filter>Base\World</Filter>
    </ClCompile>
    <ClCompile Include="World.cpp">
      <Filter>Base\World</Filter>
    </ClCompile>
    <ClCompile Include="SceneManager.cpp">
      <Filter>Manager</Filter>
    </ClCompile>
    <ClCompile Include="InputManager.cpp">
      <Filter>Manager</Filter>
    </ClCompile>
    <ClCompile Include="ResourceManager.cpp">
      <Filter>Manager</Filter>
    </ClCompile>
    <ClCompile Include="Object.cpp">
      <Filter>Resource</Filter>
    </ClCompile>
    <ClCompile Include="Texture.cpp">
      <Filter>Resource</Filter>
    </ClCompile>
    <ClCompile Include="HeightField.cpp">
      <Filter>Resource</Filter>
    </ClCompile>
    <ClCompile Include="NetRecvSystem.cpp">
      <Filter>System\Network</Filter>
    </ClCompile>
    <ClCompile Include="NetSendSystem.cpp">
      <Filter>System\Network</Filter>
    </ClCompile>
    <ClCompile Include="NetIdMap.cpp">
      <Filter>Base\World</Filter>
    </ClCompile>
    <ClCompile Include="BeatSystem.cpp">
      <Filter>System\Logic</Filter>
    </ClCompile>
    <ClCompile Include="CameraSystem.cpp">
      <Filter>System\Logic</Filter>
    </ClCompile>
    <ClCompile Include="PlayerSystem.cpp">
      <Filter>System\Logic</Filter>
    </ClCompile>
    <ClCompile Include="TransformSystem.cpp">
      <Filter>System\Logic</Filter>
    </ClCompile>
    <ClCompile Include="MovementSystem.cpp">
      <Filter>System\Logic</Filter>
    </ClCompile>
    <ClCompile Include="PlayerInputSystem.cpp">
      <Filter>System\Input</Filter>
    </ClCompile>
    <ClCompile Include="NetEntityComponent.cpp">
      <Filter>Component\Server</Filter>
    </ClCompile>
    <ClCompile Include="BeatComponent.cpp">
      <Filter>Component\Logic</Filter>
    </ClCompile>
    <ClCompile Include="CameraComponent.cpp">
      <Filter>Component\Logic</Filter>
    </ClCompile>
    <ClCompile Include="EnemyComponent.cpp">
      <Filter>Component\Logic</Filter>
    </ClCompile>
    <ClCompile Include="GravityComponent.cpp">
      <Filter>Component\Logic</Filter>
    </ClCompile>
    <ClCompile Include="InputComponent.cpp">
      <Filter>Component\Logic</Filter>
    </ClCompile>
    <ClCompile Include="LightComponent.cpp">
      <Filter>Component\Logic</Filter>
    </ClCompile>
    <ClCompile Include="PlayerComponent.cpp">
      <Filter>Component\Logic</Filter>
    </ClCompile>
    <ClCompile Include="TerrainComponent.cpp">
      <Filter>Component\Logic</Filter>
    </ClCompile>
    <ClCompile Include="TransformComponent.cpp">
      <Filter>Component\Logic</Filter>
    </ClCompile>
    <ClCompile Include="TagComponent.cpp">
      <Filter>Component\Utils</Filter>
    </ClCompile>
    <ClCompile Include="EventManager.cpp">
      <Filter>Base\Event</Filter>
    </ClCompile>
    <ClCompile Include="GameEvents.cpp">
      <Filter>Base\Event</Filter>
    </ClCompile>
    <ClCompile Include="EnemySystem.cpp">
      <Filter>System\Logic</Filter>
    </ClCompile>
    <ClCompile Include="CollisionSystem.cpp">
      <Filter>System\Logic</Filter>
    </ClCompile>
    <ClCompile Include="Mesh.cpp">
      <Filter>Resource</Filter>
    </ClCompile>
    <ClCompile Include="PhysicsWorld.cpp">
      <Filter>Base\World</Filter>
    </ClCompile>
    <ClCompile Include="LevelImport.cpp">
      <Filter>Resource</Filter>
    </ClCompile>
    <ClCompile Include="FBX.cpp">
      <Filter>Resource</Filter>
    </ClCompile>
    <ClCompile Include="ColliderComponent.cpp">
      <Filter>Component\Logic</Filter>
    </ClCompile>
    <ClCompile Include="BulletComponent.cpp">
      <Filter>Component\Logic</Filter>
    </ClCompile>
    <ClCompile Include="DamageSystem.cpp">
      <Filter>System\Logic</Filter>
    </ClCompile>
    <ClCompile Include="PlayerNavValidationSystem.cpp" />
    <ClCompile Include="BulletFireEventSystem.cpp">
      <Filter>System\Logic</Filter>
    </ClCompile>
    <ClCompile Include="MeleeAttackSystem.cpp">
      <Filter>System\Logic</Filter>
    </ClCompile>
    <ClCompile Include="BuffComponent.cpp">
      <Filter>Component\Logic</Filter>
    </ClCompile>
    <ClCompile Include="NavMeshLoader.cpp">
      <Filter>Resource</Filter>
    </ClCompile>
    <ClCompile Include="GameMode.cpp">
      <Filter>Script</Filter>
    </ClCompile>
    <ClCompile Include="BuffSystem.cpp" />
    <ClCompile Include="InteractionSystem.cpp" />
    <ClCompile Include="SpawnerSystem.cpp" />
    <ClCompile Include="GameRuleSystem.cpp">
      <Filter>System\Logic</Filter>
    </ClCompile>
    <ClCompile Include="GamePhase.cpp">
      <Filter>Script</Filter>
    </ClCompile>
  </ItemGroup>
  <ItemGroup>
    <ClInclude Include="pch.h">
      <Filter>Utils</Filter>
    </ClInclude>
    <ClInclude Include="SimpleMath.h">
      <Filter>Utils</Filter>
    </ClInclude>
    <ClInclude Include="GameCore.h">
      <Filter>Main</Filter>
    </ClInclude>
    <ClInclude Include="Prefab.h">
      <Filter>Script</Filter>
    </ClInclude>
    <ClInclude Include="Scene.h">
      <Filter>Script</Filter>
    </ClInclude>
    <ClInclude Include="StateMachine.h">
      <Filter>Script</Filter>
    </ClInclude>
    <ClInclude Include="SystemManager.h">
      <Filter>Base\System</Filter>
    </ClInclude>
    <ClInclude Include="System.h">
      <Filter>Base\System</Filter>
    </ClInclude>
    <ClInclude Include="Component.h">
      <Filter>Base\Component</Filter>
    </ClInclude>
    <ClInclude Include="ComponentPool.h">
      <Filter>Base\Component</Filter>
    </ClInclude>
    <ClInclude Include="Entity.h">
      <Filter>Base\World</Filter>
    </ClInclude>
    <ClInclude Include="World.h">
      <Filter>Base\World</Filter>
    </ClInclude>
    <ClInclude Include="SceneManager.h">
      <Filter>Manager</Filter>
    </ClInclude>
    <ClInclude Include="InputManager.h">
      <Filter>Manager</Filter>
    </ClInclude>
    <ClInclude Include="ResourceManager.h">
      <Filter>Manager</Filter>
    </ClInclude>
    <ClInclude Include="Object.h">
      <Filter>Resource</Filter>
    </ClInclude>
    <ClInclude Include="Texture.h">
      <Filter>Resource</Filter>
    </ClInclude>
    <ClInclude Include="HeightField.h">
      <Filter>Resource</Filter>
    </ClInclude>
    <ClInclude Include="..\ServerCore\json.hpp">
      <Filter>Script</Filter>
    </ClInclude>
    <ClInclude Include="NetRecvSystem.h">
      <Filter>System\Network</Filter>
    </ClInclude>
    <ClInclude Include="NetSendSystem.h">
      <Filter>System\Network</Filter>
    </ClInclude>
    <ClInclude Include="NetIdMap.h">
      <Filter>Base\World</Filter>
    </ClInclude>
    <ClInclude Include="BeatSystem.h">
      <Filter>System\Logic</Filter>
    </ClInclude>
    <ClInclude Include="CameraSystem.h">
      <Filter>System\Logic</Filter>
    </ClInclude>
    <ClInclude Include="MovementSystem.h">
      <Filter>System\Logic</Filter>
    </ClInclude>
    <ClInclude Include="PlayerSystem.h">
      <Filter>System\Logic</Filter>
    </ClInclude>
    <ClInclude Include="TransformSystem.h">
      <Filter>System\Logic</Filter>
    </ClInclude>
    <ClInclude Include="PlayerInputSystem.h">
      <Filter>System\Input</Filter>
    </ClInclude>
    <ClInclude Include="NetEntityComponent.h">
      <Filter>Component\Server</Filter>
    </ClInclude>
    <ClInclude Include="BeatComponent.h">
      <Filter>Component\Logic</Filter>
    </ClInclude>
    <ClInclude Include="CameraComponent.h">
      <Filter>Component\Logic</Filter>
    </ClInclude>
    <ClInclude Include="EnemyComponent.h">
      <Filter>Component\Logic</Filter>
    </ClInclude>
    <ClInclude Include="GravityComponent.h">
      <Filter>Component\Logic</Filter>
    </ClInclude>
    <ClInclude Include="InputComponent.h">
      <Filter>Component\Logic</Filter>
    </ClInclude>
    <ClInclude Include="LightComponent.h">
      <Filter>Component\Logic</Filter>
    </ClInclude>
    <ClInclude Include="MovementComponent.h">
      <Filter>Component\Logic</Filter>
    </ClInclude>
    <ClInclude Include="PlayerComponent.h">
      <Filter>Component\Logic</Filter>
    </ClInclude>
    <ClInclude Include="TerrainComponent.h">
      <Filter>Component\Logic</Filter>
    </ClInclude>
    <ClInclude Include="TransformComponent.h">
      <Filter>Component\Logic</Filter>
    </ClInclude>
    <ClInclude Include="TagComponent.h">
      <Filter>Component\Utils</Filter>
    </ClInclude>
    <ClInclude Include="EventManager.h">
      <Filter>Base\Event</Filter>
    </ClInclude>
    <ClInclude Include="GameEvents.h">
      <Filter>Base\Event</Filter>
    </ClInclude>
    <ClInclude Include="EnemySystem.h">
      <Filter>System\Logic</Filter>
    </ClInclude>
    <ClInclude Include="CollisionSystem.h">
      <Filter>System\Logic</Filter>
    </ClInclude>
    <ClInclude Include="Mesh.h">
      <Filter>Resource</Filter>
    </ClInclude>
    <ClInclude Include="PhysicsWorld.h">
      <Filter>Base\World</Filter>
    </ClInclude>
    <ClInclude Include="LevelImport.h">
      <Filter>Resource</Filter>
    </ClInclude>
    <ClInclude Include="FBX.h">
      <Filter>Resource</Filter>
    </ClInclude>
    <ClInclude Include="ColliderComponent.h">
      <Filter>Component\Logic</Filter>
    </ClInclude>
    <ClInclude Include="BulletComponent.h">
      <Filter>Component\Logic</Filter>
    </ClInclude>
    <ClInclude Include="DamageSystem.h">
      <Filter>System\Logic</Filter>
    </ClInclude>
    <ClInclude Include="HealthComponent.h">
      <Filter>Component\Logic</Filter>
    </ClInclude>
    <ClInclude Include="PlayerNavValidationSystem.h" />
    <ClInclude Include="ArmorComponent.h">
      <Filter>Component\Logic</Filter>
    </ClInclude>
    <ClInclude Include="BulletFireEventSystem.h">
      <Filter>System\Logic</Filter>
    </ClInclude>
    <ClInclude Include="MeleeAttackSystem.h">
      <Filter>System\Logic</Filter>
    </ClInclude>
    <ClInclude Include="BuffComponent.h" />
    <ClInclude Include="NavMeshLoader.h">
      <Filter>Resource</Filter>
    </ClInclude>
    <ClInclude Include="GameTimer.h">
      <Filter>Utils</Filter>
    </ClInclude>
    <ClInclude Include="GameMode.h">
      <Filter>Script</Filter>
    </ClInclude>
    <ClInclude Include="BuffSystem.h" />
    <ClInclude Include="InteractableComponent.h" />
    <ClInclude Include="InteractionSystem.h" />
    <ClInclude Include="SpawnerComponent.h" />
    <ClInclude Include="SpawnerSystem.h" />
    <ClInclude Include="GameRuleSystem.h">
      <Filter>System\Logic</Filter>
    </ClInclude>
    <ClInclude Include="GameRuleComponent.h">
      <Filter>Component\Logic</Filter>
    </ClInclude>
    <ClInclude Include="GamePhase.h">
      <Filter>Script</Filter>
    </ClInclude>
  </ItemGroup>
  <ItemGroup>
    <None Include="SimpleMath.inl">
      <Filter>Utils</Filter>
    </None>
  </ItemGroup>
</Project>